// !$*UTF8*$!
{
	archiveVersion = 1;
	classes = {
	};
	objectVersion = 50;
	objects = {

/* Begin PBXBuildFile section */
		ADB96EDA2433EF5900C59E50 /* AppDelegate.swift in Sources */ = {isa = PBXBuildFile; fileRef = ADB96ED92433EF5900C59E50 /* AppDelegate.swift */; };
		ADB96EDC2433EF5900C59E50 /* SceneDelegate.swift in Sources */ = {isa = PBXBuildFile; fileRef = ADB96EDB2433EF5900C59E50 /* SceneDelegate.swift */; };
		ADB96EDE2433EF5900C59E50 /* ViewController.swift in Sources */ = {isa = PBXBuildFile; fileRef = ADB96EDD2433EF5900C59E50 /* ViewController.swift */; };
		ADB96EE12433EF5900C59E50 /* Main.storyboard in Resources */ = {isa = PBXBuildFile; fileRef = ADB96EDF2433EF5900C59E50 /* Main.storyboard */; };
		ADB96EE32433EF6000C59E50 /* Assets.xcassets in Resources */ = {isa = PBXBuildFile; fileRef = ADB96EE22433EF6000C59E50 /* Assets.xcassets */; };
		ADB96EE62433EF6000C59E50 /* LaunchScreen.storyboard in Resources */ = {isa = PBXBuildFile; fileRef = ADB96EE42433EF6000C59E50 /* LaunchScreen.storyboard */; };
		ADB96EF12433EF6100C59E50 /* ConverterTests.swift in Sources */ = {isa = PBXBuildFile; fileRef = ADB96EF02433EF6100C59E50 /* ConverterTests.swift */; };
		ADB96EFC2433EF6100C59E50 /* ConverterUITests.swift in Sources */ = {isa = PBXBuildFile; fileRef = ADB96EFB2433EF6100C59E50 /* ConverterUITests.swift */; };
/* End PBXBuildFile section */

/* Begin PBXContainerItemProxy section */
		ADB96EED2433EF6100C59E50 /* PBXContainerItemProxy */ = {
			isa = PBXContainerItemProxy;
			containerPortal = ADB96ECE2433EF5900C59E50 /* Project object */;
			proxyType = 1;
			remoteGlobalIDString = ADB96ED52433EF5900C59E50;
			remoteInfo = Converter;
		};
		ADB96EF82433EF6100C59E50 /* PBXContainerItemProxy */ = {
			isa = PBXContainerItemProxy;
			containerPortal = ADB96ECE2433EF5900C59E50 /* Project object */;
			proxyType = 1;
			remoteGlobalIDString = ADB96ED52433EF5900C59E50;
			remoteInfo = Converter;
		};
/* End PBXContainerItemProxy section */

/* Begin PBXFileReference section */
		ADB96ED62433EF5900C59E50 /* Converter.app */ = {isa = PBXFileReference; explicitFileType = wrapper.application; includeInIndex = 0; path = Converter.app; sourceTree = BUILT_PRODUCTS_DIR; };
		ADB96ED92433EF5900C59E50 /* AppDelegate.swift */ = {isa = PBXFileReference; lastKnownFileType = sourcecode.swift; path = AppDelegate.swift; sourceTree = "<group>"; };
		ADB96EDB2433EF5900C59E50 /* SceneDelegate.swift */ = {isa = PBXFileReference; lastKnownFileType = sourcecode.swift; path = SceneDelegate.swift; sourceTree = "<group>"; };
		ADB96EDD2433EF5900C59E50 /* ViewController.swift */ = {isa = PBXFileReference; lastKnownFileType = sourcecode.swift; path = ViewController.swift; sourceTree = "<group>"; };
		ADB96EE02433EF5900C59E50 /* Base */ = {isa = PBXFileReference; lastKnownFileType = file.storyboard; name = Base; path = Base.lproj/Main.storyboard; sourceTree = "<group>"; };
		ADB96EE22433EF6000C59E50 /* Assets.xcassets */ = {isa = PBXFileReference; lastKnownFileType = folder.assetcatalog; path = Assets.xcassets; sourceTree = "<group>"; };
		ADB96EE52433EF6000C59E50 /* Base */ = {isa = PBXFileReference; lastKnownFileType = file.storyboard; name = Base; path = Base.lproj/LaunchScreen.storyboard; sourceTree = "<group>"; };
		ADB96EE72433EF6000C59E50 /* Info.plist */ = {isa = PBXFileReference; lastKnownFileType = text.plist.xml; path = Info.plist; sourceTree = "<group>"; };
		ADB96EEC2433EF6100C59E50 /* ConverterTests.xctest */ = {isa = PBXFileReference; explicitFileType = wrapper.cfbundle; includeInIndex = 0; path = ConverterTests.xctest; sourceTree = BUILT_PRODUCTS_DIR; };
		ADB96EF02433EF6100C59E50 /* ConverterTests.swift */ = {isa = PBXFileReference; lastKnownFileType = sourcecode.swift; path = ConverterTests.swift; sourceTree = "<group>"; };
		ADB96EF22433EF6100C59E50 /* Info.plist */ = {isa = PBXFileReference; lastKnownFileType = text.plist.xml; path = Info.plist; sourceTree = "<group>"; };
		ADB96EF72433EF6100C59E50 /* ConverterUITests.xctest */ = {isa = PBXFileReference; explicitFileType = wrapper.cfbundle; includeInIndex = 0; path = ConverterUITests.xctest; sourceTree = BUILT_PRODUCTS_DIR; };
		ADB96EFB2433EF6100C59E50 /* ConverterUITests.swift */ = {isa = PBXFileReference; lastKnownFileType = sourcecode.swift; path = ConverterUITests.swift; sourceTree = "<group>"; };
		ADB96EFD2433EF6100C59E50 /* Info.plist */ = {isa = PBXFileReference; lastKnownFileType = text.plist.xml; path = Info.plist; sourceTree = "<group>"; };
/* End PBXFileReference section */

/* Begin PBXFrameworksBuildPhase section */
		ADB96ED32433EF5900C59E50 /* Frameworks */ = {
			isa = PBXFrameworksBuildPhase;
			buildActionMask = 2147483647;
			files = (
			);
			runOnlyForDeploymentPostprocessing = 0;
		};
		ADB96EE92433EF6100C59E50 /* Frameworks */ = {
			isa = PBXFrameworksBuildPhase;
			buildActionMask = 2147483647;
			files = (
			);
			runOnlyForDeploymentPostprocessing = 0;
		};
		ADB96EF42433EF6100C59E50 /* Frameworks */ = {
			isa = PBXFrameworksBuildPhase;
			buildActionMask = 2147483647;
			files = (
			);
			runOnlyForDeploymentPostprocessing = 0;
		};
/* End PBXFrameworksBuildPhase section */

/* Begin PBXGroup section */
		ADB96ECD2433EF5900C59E50 = {
			isa = PBXGroup;
			children = (
				ADB96ED82433EF5900C59E50 /* Converter */,
				ADB96EEF2433EF6100C59E50 /* ConverterTests */,
				ADB96EFA2433EF6100C59E50 /* ConverterUITests */,
				ADB96ED72433EF5900C59E50 /* Products */,
			);
			sourceTree = "<group>";
		};
		ADB96ED72433EF5900C59E50 /* Products */ = {
			isa = PBXGroup;
			children = (
				ADB96ED62433EF5900C59E50 /* Converter.app */,
				ADB96EEC2433EF6100C59E50 /* ConverterTests.xctest */,
				ADB96EF72433EF6100C59E50 /* ConverterUITests.xctest */,
			);
			name = Products;
			sourceTree = "<group>";
		};
		ADB96ED82433EF5900C59E50 /* Converter */ = {
			isa = PBXGroup;
			children = (
				ADB96ED92433EF5900C59E50 /* AppDelegate.swift */,
				ADB96EDB2433EF5900C59E50 /* SceneDelegate.swift */,
				ADB96EDD2433EF5900C59E50 /* ViewController.swift */,
				ADB96EDF2433EF5900C59E50 /* Main.storyboard */,
				ADB96EE22433EF6000C59E50 /* Assets.xcassets */,
				ADB96EE42433EF6000C59E50 /* LaunchScreen.storyboard */,
				ADB96EE72433EF6000C59E50 /* Info.plist */,
			);
			path = Converter;
			sourceTree = "<group>";
		};
		ADB96EEF2433EF6100C59E50 /* ConverterTests */ = {
			isa = PBXGroup;
			children = (
				ADB96EF02433EF6100C59E50 /* ConverterTests.swift */,
				ADB96EF22433EF6100C59E50 /* Info.plist */,
			);
			path = ConverterTests;
			sourceTree = "<group>";
		};
		ADB96EFA2433EF6100C59E50 /* ConverterUITests */ = {
			isa = PBXGroup;
			children = (
				ADB96EFB2433EF6100C59E50 /* ConverterUITests.swift */,
				ADB96EFD2433EF6100C59E50 /* Info.plist */,
			);
			path = ConverterUITests;
			sourceTree = "<group>";
		};
/* End PBXGroup section */

/* Begin PBXNativeTarget section */
		ADB96ED52433EF5900C59E50 /* Converter */ = {
			isa = PBXNativeTarget;
			buildConfigurationList = ADB96F002433EF6100C59E50 /* Build configuration list for PBXNativeTarget "Converter" */;
			buildPhases = (
				ADB96ED22433EF5900C59E50 /* Sources */,
				ADB96ED32433EF5900C59E50 /* Frameworks */,
				ADB96ED42433EF5900C59E50 /* Resources */,
			);
			buildRules = (
			);
			dependencies = (
			);
			name = Converter;
			productName = Converter;
			productReference = ADB96ED62433EF5900C59E50 /* Converter.app */;
			productType = "com.apple.product-type.application";
		};
		ADB96EEB2433EF6100C59E50 /* ConverterTests */ = {
			isa = PBXNativeTarget;
			buildConfigurationList = ADB96F032433EF6100C59E50 /* Build configuration list for PBXNativeTarget "ConverterTests" */;
			buildPhases = (
				ADB96EE82433EF6100C59E50 /* Sources */,
				ADB96EE92433EF6100C59E50 /* Frameworks */,
				ADB96EEA2433EF6100C59E50 /* Resources */,
			);
			buildRules = (
			);
			dependencies = (
				ADB96EEE2433EF6100C59E50 /* PBXTargetDependency */,
			);
			name = ConverterTests;
			productName = ConverterTests;
			productReference = ADB96EEC2433EF6100C59E50 /* ConverterTests.xctest */;
			productType = "com.apple.product-type.bundle.unit-test";
		};
		ADB96EF62433EF6100C59E50 /* ConverterUITests */ = {
			isa = PBXNativeTarget;
			buildConfigurationList = ADB96F062433EF6100C59E50 /* Build configuration list for PBXNativeTarget "ConverterUITests" */;
			buildPhases = (
				ADB96EF32433EF6100C59E50 /* Sources */,
				ADB96EF42433EF6100C59E50 /* Frameworks */,
				ADB96EF52433EF6100C59E50 /* Resources */,
			);
			buildRules = (
			);
			dependencies = (
				ADB96EF92433EF6100C59E50 /* PBXTargetDependency */,
			);
			name = ConverterUITests;
			productName = ConverterUITests;
			productReference = ADB96EF72433EF6100C59E50 /* ConverterUITests.xctest */;
			productType = "com.apple.product-type.bundle.ui-testing";
		};
/* End PBXNativeTarget section */

/* Begin PBXProject section */
		ADB96ECE2433EF5900C59E50 /* Project object */ = {
			isa = PBXProject;
			attributes = {
				LastSwiftUpdateCheck = 1130;
				LastUpgradeCheck = 1130;
				ORGANIZATIONNAME = Balaji;
				TargetAttributes = {
					ADB96ED52433EF5900C59E50 = {
						CreatedOnToolsVersion = 11.3.1;
					};
					ADB96EEB2433EF6100C59E50 = {
						CreatedOnToolsVersion = 11.3.1;
						TestTargetID = ADB96ED52433EF5900C59E50;
					};
					ADB96EF62433EF6100C59E50 = {
						CreatedOnToolsVersion = 11.3.1;
						TestTargetID = ADB96ED52433EF5900C59E50;
					};
				};
			};
			buildConfigurationList = ADB96ED12433EF5900C59E50 /* Build configuration list for PBXProject "Converter" */;
			compatibilityVersion = "Xcode 9.3";
			developmentRegion = en;
			hasScannedForEncodings = 0;
			knownRegions = (
				en,
				Base,
			);
			mainGroup = ADB96ECD2433EF5900C59E50;
			productRefGroup = ADB96ED72433EF5900C59E50 /* Products */;
			projectDirPath = "";
			projectRoot = "";
			targets = (
				ADB96ED52433EF5900C59E50 /* Converter */,
				ADB96EEB2433EF6100C59E50 /* ConverterTests */,
				ADB96EF62433EF6100C59E50 /* ConverterUITests */,
			);
		};
/* End PBXProject section */

/* Begin PBXResourcesBuildPhase section */
		ADB96ED42433EF5900C59E50 /* Resources */ = {
			isa = PBXResourcesBuildPhase;
			buildActionMask = 2147483647;
			files = (
				ADB96EE62433EF6000C59E50 /* LaunchScreen.storyboard in Resources */,
				ADB96EE32433EF6000C59E50 /* Assets.xcassets in Resources */,
				ADB96EE12433EF5900C59E50 /* Main.storyboard in Resources */,
			);
			runOnlyForDeploymentPostprocessing = 0;
		};
		ADB96EEA2433EF6100C59E50 /* Resources */ = {
			isa = PBXResourcesBuildPhase;
			buildActionMask = 2147483647;
			files = (
			);
			runOnlyForDeploymentPostprocessing = 0;
		};
		ADB96EF52433EF6100C59E50 /* Resources */ = {
			isa = PBXResourcesBuildPhase;
			buildActionMask = 2147483647;
			files = (
			);
			runOnlyForDeploymentPostprocessing = 0;
		};
/* End PBXResourcesBuildPhase section */

/* Begin PBXSourcesBuildPhase section */
		ADB96ED22433EF5900C59E50 /* Sources */ = {
			isa = PBXSourcesBuildPhase;
			buildActionMask = 2147483647;
			files = (
				ADB96EDE2433EF5900C59E50 /* ViewController.swift in Sources */,
				ADB96EDA2433EF5900C59E50 /* AppDelegate.swift in Sources */,
				ADB96EDC2433EF5900C59E50 /* SceneDelegate.swift in Sources */,
			);
			runOnlyForDeploymentPostprocessing = 0;
		};
		ADB96EE82433EF6100C59E50 /* Sources */ = {
			isa = PBXSourcesBuildPhase;
			buildActionMask = 2147483647;
			files = (
				ADB96EF12433EF6100C59E50 /* ConverterTests.swift in Sources */,
			);
			runOnlyForDeploymentPostprocessing = 0;
		};
		ADB96EF32433EF6100C59E50 /* Sources */ = {
			isa = PBXSourcesBuildPhase;
			buildActionMask = 2147483647;
			files = (
				ADB96EFC2433EF6100C59E50 /* ConverterUITests.swift in Sources */,
			);
			runOnlyForDeploymentPostprocessing = 0;
		};
/* End PBXSourcesBuildPhase section */

/* Begin PBXTargetDependency section */
		ADB96EEE2433EF6100C59E50 /* PBXTargetDependency */ = {
			isa = PBXTargetDependency;
			target = ADB96ED52433EF5900C59E50 /* Converter */;
			targetProxy = ADB96EED2433EF6100C59E50 /* PBXContainerItemProxy */;
		};
		ADB96EF92433EF6100C59E50 /* PBXTargetDependency */ = {
			isa = PBXTargetDependency;
			target = ADB96ED52433EF5900C59E50 /* Converter */;
			targetProxy = ADB96EF82433EF6100C59E50 /* PBXContainerItemProxy */;
		};
/* End PBXTargetDependency section */

/* Begin PBXVariantGroup section */
		ADB96EDF2433EF5900C59E50 /* Main.storyboard */ = {
			isa = PBXVariantGroup;
			children = (
				ADB96EE02433EF5900C59E50 /* Base */,
			);
			name = Main.storyboard;
			sourceTree = "<group>";
		};
		ADB96EE42433EF6000C59E50 /* LaunchScreen.storyboard */ = {
			isa = PBXVariantGroup;
			children = (
				ADB96EE52433EF6000C59E50 /* Base */,
			);
			name = LaunchScreen.storyboard;
			sourceTree = "<group>";
		};
/* End PBXVariantGroup section */

/* Begin XCBuildConfiguration section */
		ADB96EFE2433EF6100C59E50 /* Debug */ = {
			isa = XCBuildConfiguration;
			buildSettings = {
				ALWAYS_SEARCH_USER_PATHS = NO;
				CLANG_ANALYZER_NONNULL = YES;
				CLANG_ANALYZER_NUMBER_OBJECT_CONVERSION = YES_AGGRESSIVE;
				CLANG_CXX_LANGUAGE_STANDARD = "gnu++14";
				CLANG_CXX_LIBRARY = "libc++";
				CLANG_ENABLE_MODULES = YES;
				CLANG_ENABLE_OBJC_ARC = YES;
				CLANG_ENABLE_OBJC_WEAK = YES;
				CLANG_WARN_BLOCK_CAPTURE_AUTORELEASING = YES;
				CLANG_WARN_BOOL_CONVERSION = YES;
				CLANG_WARN_COMMA = YES;
				CLANG_WARN_CONSTANT_CONVERSION = YES;
				CLANG_WARN_DEPRECATED_OBJC_IMPLEMENTATIONS = YES;
				CLANG_WARN_DIRECT_OBJC_ISA_USAGE = YES_ERROR;
				CLANG_WARN_DOCUMENTATION_COMMENTS = YES;
				CLANG_WARN_EMPTY_BODY = YES;
				CLANG_WARN_ENUM_CONVERSION = YES;
				CLANG_WARN_INFINITE_RECURSION = YES;
				CLANG_WARN_INT_CONVERSION = YES;
				CLANG_WARN_NON_LITERAL_NULL_CONVERSION = YES;
				CLANG_WARN_OBJC_IMPLICIT_RETAIN_SELF = YES;
				CLANG_WARN_OBJC_LITERAL_CONVERSION = YES;
				CLANG_WARN_OBJC_ROOT_CLASS = YES_ERROR;
				CLANG_WARN_RANGE_LOOP_ANALYSIS = YES;
				CLANG_WARN_STRICT_PROTOTYPES = YES;
				CLANG_WARN_SUSPICIOUS_MOVE = YES;
				CLANG_WARN_UNGUARDED_AVAILABILITY = YES_AGGRESSIVE;
				CLANG_WARN_UNREACHABLE_CODE = YES;
				CLANG_WARN__DUPLICATE_METHOD_MATCH = YES;
				COPY_PHASE_STRIP = NO;
				DEBUG_INFORMATION_FORMAT = dwarf;
				ENABLE_STRICT_OBJC_MSGSEND = YES;
				ENABLE_TESTABILITY = YES;
				GCC_C_LANGUAGE_STANDARD = gnu11;
				GCC_DYNAMIC_NO_PIC = NO;
				GCC_NO_COMMON_BLOCKS = YES;
				GCC_OPTIMIZATION_LEVEL = 0;
				GCC_PREPROCESSOR_DEFINITIONS = (
					"DEBUG=1",
					"$(inherited)",
				);
				GCC_WARN_64_TO_32_BIT_CONVERSION = YES;
				GCC_WARN_ABOUT_RETURN_TYPE = YES_ERROR;
				GCC_WARN_UNDECLARED_SELECTOR = YES;
				GCC_WARN_UNINITIALIZED_AUTOS = YES_AGGRESSIVE;
				GCC_WARN_UNUSED_FUNCTION = YES;
				GCC_WARN_UNUSED_VARIABLE = YES;
				IPHONEOS_DEPLOYMENT_TARGET = 13.2;
				MTL_ENABLE_DEBUG_INFO = INCLUDE_SOURCE;
				MTL_FAST_MATH = YES;
				ONLY_ACTIVE_ARCH = YES;
				SDKROOT = iphoneos;
				SWIFT_ACTIVE_COMPILATION_CONDITIONS = DEBUG;
				SWIFT_OPTIMIZATION_LEVEL = "-Onone";
			};
			name = Debug;
		};
		ADB96EFF2433EF6100C59E50 /* Release */ = {
			isa = XCBuildConfiguration;
			buildSettings = {
				ALWAYS_SEARCH_USER_PATHS = NO;
				CLANG_ANALYZER_NONNULL = YES;
				CLANG_ANALYZER_NUMBER_OBJECT_CONVERSION = YES_AGGRESSIVE;
				CLANG_CXX_LANGUAGE_STANDARD = "gnu++14";
				CLANG_CXX_LIBRARY = "libc++";
				CLANG_ENABLE_MODULES = YES;
				CLANG_ENABLE_OBJC_ARC = YES;
				CLANG_ENABLE_OBJC_WEAK = YES;
				CLANG_WARN_BLOCK_CAPTURE_AUTORELEASING = YES;
				CLANG_WARN_BOOL_CONVERSION = YES;
				CLANG_WARN_COMMA = YES;
				CLANG_WARN_CONSTANT_CONVERSION = YES;
				CLANG_WARN_DEPRECATED_OBJC_IMPLEMENTATIONS = YES;
				CLANG_WARN_DIRECT_OBJC_ISA_USAGE = YES_ERROR;
				CLANG_WARN_DOCUMENTATION_COMMENTS = YES;
				CLANG_WARN_EMPTY_BODY = YES;
				CLANG_WARN_ENUM_CONVERSION = YES;
				CLANG_WARN_INFINITE_RECURSION = YES;
				CLANG_WARN_INT_CONVERSION = YES;
				CLANG_WARN_NON_LITERAL_NULL_CONVERSION = YES;
				CLANG_WARN_OBJC_IMPLICIT_RETAIN_SELF = YES;
				CLANG_WARN_OBJC_LITERAL_CONVERSION = YES;
				CLANG_WARN_OBJC_ROOT_CLASS = YES_ERROR;
				CLANG_WARN_RANGE_LOOP_ANALYSIS = YES;
				CLANG_WARN_STRICT_PROTOTYPES = YES;
				CLANG_WARN_SUSPICIOUS_MOVE = YES;
				CLANG_WARN_UNGUARDED_AVAILABILITY = YES_AGGRESSIVE;
				CLANG_WARN_UNREACHABLE_CODE = YES;
				CLANG_WARN__DUPLICATE_METHOD_MATCH = YES;
				COPY_PHASE_STRIP = NO;
				DEBUG_INFORMATION_FORMAT = "dwarf-with-dsym";
				ENABLE_NS_ASSERTIONS = NO;
				ENABLE_STRICT_OBJC_MSGSEND = YES;
				GCC_C_LANGUAGE_STANDARD = gnu11;
				GCC_NO_COMMON_BLOCKS = YES;
				GCC_WARN_64_TO_32_BIT_CONVERSION = YES;
				GCC_WARN_ABOUT_RETURN_TYPE = YES_ERROR;
				GCC_WARN_UNDECLARED_SELECTOR = YES;
				GCC_WARN_UNINITIALIZED_AUTOS = YES_AGGRESSIVE;
				GCC_WARN_UNUSED_FUNCTION = YES;
				GCC_WARN_UNUSED_VARIABLE = YES;
				IPHONEOS_DEPLOYMENT_TARGET = 13.2;
				MTL_ENABLE_DEBUG_INFO = NO;
				MTL_FAST_MATH = YES;
				SDKROOT = iphoneos;
				SWIFT_COMPILATION_MODE = wholemodule;
				SWIFT_OPTIMIZATION_LEVEL = "-O";
				VALIDATE_PRODUCT = YES;
			};
			name = Release;
		};
		ADB96F012433EF6100C59E50 /* Debug */ = {
			isa = XCBuildConfiguration;
			buildSettings = {
				ASSETCATALOG_COMPILER_APPICON_NAME = AppIcon;
				CODE_SIGN_STYLE = Automatic;
				INFOPLIST_FILE = Converter/Info.plist;
				LD_RUNPATH_SEARCH_PATHS = (
					"$(inherited)",
					"@executable_path/Frameworks",
				);
				PRODUCT_BUNDLE_IDENTIFIER = raju.Converter;
				PRODUCT_NAME = "$(TARGET_NAME)";
				SWIFT_VERSION = 5.0;
				TARGETED_DEVICE_FAMILY = "1,2";
			};
			name = Debug;
		};
		ADB96F022433EF6100C59E50 /* Release */ = {
			isa = XCBuildConfiguration;
			buildSettings = {
				ASSETCATALOG_COMPILER_APPICON_NAME = AppIcon;
				CODE_SIGN_STYLE = Automatic;
				INFOPLIST_FILE = Converter/Info.plist;
				LD_RUNPATH_SEARCH_PATHS = (
					"$(inherited)",
					"@executable_path/Frameworks",
				);
				PRODUCT_BUNDLE_IDENTIFIER = raju.Converter;
				PRODUCT_NAME = "$(TARGET_NAME)";
				SWIFT_VERSION = 5.0;
				TARGETED_DEVICE_FAMILY = "1,2";
			};
			name = Release;
		};
		ADB96F042433EF6100C59E50 /* Debug */ = {
			isa = XCBuildConfiguration;
			buildSettings = {
				ALWAYS_EMBED_SWIFT_STANDARD_LIBRARIES = YES;
				BUNDLE_LOADER = "$(TEST_HOST)";
				CODE_SIGN_STYLE = Automatic;
				INFOPLIST_FILE = ConverterTests/Info.plist;
				IPHONEOS_DEPLOYMENT_TARGET = 13.2;
				LD_RUNPATH_SEARCH_PATHS = (
					"$(inherited)",
					"@executable_path/Frameworks",
					"@loader_path/Frameworks",
				);
				PRODUCT_BUNDLE_IDENTIFIER = raju.ConverterTests;
				PRODUCT_NAME = "$(TARGET_NAME)";
				SWIFT_VERSION = 5.0;
				TARGETED_DEVICE_FAMILY = "1,2";
				TEST_HOST = "$(BUILT_PRODUCTS_DIR)/Converter.app/Converter";
			};
			name = Debug;
		};
		ADB96F052433EF6100C59E50 /* Release */ = {
			isa = XCBuildConfiguration;
			buildSettings = {
				ALWAYS_EMBED_SWIFT_STANDARD_LIBRARIES = YES;
				BUNDLE_LOADER = "$(TEST_HOST)";
				CODE_SIGN_STYLE = Automatic;
				INFOPLIST_FILE = ConverterTests/Info.plist;
				IPHONEOS_DEPLOYMENT_TARGET = 13.2;
				LD_RUNPATH_SEARCH_PATHS = (
					"$(inherited)",
					"@executable_path/Frameworks",
					"@loader_path/Frameworks",
				);
				PRODUCT_BUNDLE_IDENTIFIER = raju.ConverterTests;
				PRODUCT_NAME = "$(TARGET_NAME)";
				SWIFT_VERSION = 5.0;
				TARGETED_DEVICE_FAMILY = "1,2";
				TEST_HOST = "$(BUILT_PRODUCTS_DIR)/Converter.app/Converter";
			};
			name = Release;
		};
		ADB96F072433EF6100C59E50 /* Debug */ = {
			isa = XCBuildConfiguration;
			buildSettings = {
				ALWAYS_EMBED_SWIFT_STANDARD_LIBRARIES = YES;
				CODE_SIGN_STYLE = Automatic;
				INFOPLIST_FILE = ConverterUITests/Info.plist;
				LD_RUNPATH_SEARCH_PATHS = (
					"$(inherited)",
					"@executable_path/Frameworks",
					"@loader_path/Frameworks",
				);
				PRODUCT_BUNDLE_IDENTIFIER = raju.ConverterUITests;
				PRODUCT_NAME = "$(TARGET_NAME)";
				SWIFT_VERSION = 5.0;
				TARGETED_DEVICE_FAMILY = "1,2";
				TEST_TARGET_NAME = Converter;
			};
			name = Debug;
		};
		ADB96F082433EF6100C59E50 /* Release */ = {
			isa = XCBuildConfiguration;
			buildSettings = {
				ALWAYS_EMBED_SWIFT_STANDARD_LIBRARIES = YES;
				CODE_SIGN_STYLE = Automatic;
				INFOPLIST_FILE = ConverterUITests/Info.plist;
				LD_RUNPATH_SEARCH_PATHS = (
					"$(inherited)",
					"@executable_path/Frameworks",
					"@loader_path/Frameworks",
				);
				PRODUCT_BUNDLE_IDENTIFIER = raju.ConverterUITests;
				PRODUCT_NAME = "$(TARGET_NAME)";
				SWIFT_VERSION = 5.0;
				TARGETED_DEVICE_FAMILY = "1,2";
				TEST_TARGET_NAME = Converter;
			};
			name = Release;
		};
/* End XCBuildConfiguration section */

/* Begin XCConfigurationList section */
		ADB96ED12433EF5900C59E50 /* Build configuration list for PBXProject "Converter" */ = {
			isa = XCConfigurationList;
			buildConfigurations = (
				ADB96EFE2433EF6100C59E50 /* Debug */,
				ADB96EFF2433EF6100C59E50 /* Release */,
			);
			defaultConfigurationIsVisible = 0;
			defaultConfigurationName = Release;
		};
		ADB96F002433EF6100C59E50 /* Build configuration list for PBXNativeTarget "Converter" */ = {
			isa = XCConfigurationList;
			buildConfigurations = (
				ADB96F012433EF6100C59E50 /* Debug */,
				ADB96F022433EF6100C59E50 /* Release */,
			);
			defaultConfigurationIsVisible = 0;
			defaultConfigurationName = Release;
		};
		ADB96F032433EF6100C59E50 /* Build configuration list for PBXNativeTarget "ConverterTests" */ = {
			isa = XCConfigurationList;
			buildConfigurations = (
				ADB96F042433EF6100C59E50 /* Debug */,
				ADB96F052433EF6100C59E50 /* Release */,
			);
			defaultConfigurationIsVisible = 0;
			defaultConfigurationName = Release;
		};
		ADB96F062433EF6100C59E50 /* Build configuration list for PBXNativeTarget "ConverterUITests" */ = {
			isa = XCConfigurationList;
			buildConfigurations = (
				ADB96F072433EF6100C59E50 /* Debug */,
				ADB96F082433EF6100C59E50 /* Release */,
			);
			defaultConfigurationIsVisible = 0;
			defaultConfigurationName = Release;
		};
/* End XCConfigurationList section */
	};
	rootObject = ADB96ECE2433EF5900C59E50 /* Project object */;
}
